
Microsoft Visual Studio Solution File, Format Version 9.00
# Visual Studio 2005
Project("{8BC9CEB8-8B4A-11D0-8D11-00A0C91BC942}") = "rdstd", "rdstd\rdstd.vcproj", "{8A093C4E-CE2F-4C19-B64F-2EEA08D7BD29}"
EndProject
Global
	GlobalSection(SolutionConfigurationPlatforms) = preSolution
		Debug|Win32 = Debug|Win32
		Release|Win32 = Release|Win32
	EndGlobalSection
	GlobalSection(ProjectConfigurationPlatforms) = postSolution
		{8A093C4E-CE2F-4C19-B64F-2EEA08D7BD29}.Debug|Win32.ActiveCfg = Debug|Win32
		{8A093C4E-CE2F-4C19-B64F-2EEA08D7BD29}.Debug|Win32.Build.0 = Debug|Win32
		{8A093C4E-CE2F-4C19-B64F-2EEA08D7BD29}.Release|Win32.ActiveCfg = Release|Win32
		{8A093C4E-CE2F-4C19-B64F-2EEA08D7BD29}.Release|Win32.Build.0 = Release|Win32
	EndGlobalSection
	GlobalSection(SolutionProperties) = preSolution
		HideSolutionNode = FALSE
	EndGlobalSection
EndGlobal
